
Microsoft Visual Studio Solution File, Format Version 12.00
# Visual Studio 15
VisualStudioVersion = 15.0.28010.2046
MinimumVisualStudioVersion = 10.0.40219.1
Project("{FAE04EC0-301F-11D3-BF4B-00C04F79EFBC}") = "Comp3", "Comp3\Comp3.csproj", "{6CBE22D2-5E8B-4EE9-BD80-5A84F660AD03}"
EndProject
Global
	GlobalSection(SolutionConfigurationPlatforms) = preSolution
		Debug|Any CPU = Debug|Any CPU
		Release|Any CPU = Release|Any CPU
	EndGlobalSection
	GlobalSection(ProjectConfigurationPlatforms) = postSolution
		{6CBE22D2-5E8B-4EE9-BD80-5A84F660AD03}.Debug|Any CPU.ActiveCfg = Debug|Any CPU
		{6CBE22D2-5E8B-4EE9-BD80-5A84F660AD03}.Debug|Any CPU.Build.0 = Debug|Any CPU
		{6CBE22D2-5E8B-4EE9-BD80-5A84F660AD03}.Release|Any CPU.ActiveCfg = Release|Any CPU
		{6CBE22D2-5E8B-4EE9-BD80-5A84F660AD03}.Release|Any CPU.Build.0 = Release|Any CPU
	EndGlobalSection
	GlobalSection(SolutionProperties) = preSolution
		HideSolutionNode = FALSE
	EndGlobalSection
	GlobalSection(ExtensibilityGlobals) = postSolution
		SolutionGuid = {DE77380F-4381-4E11-A515-1476B6BF0134}
	EndGlobalSection
EndGlobal
